
Microsoft Visual Studio Solution File, Format Version 12.00
# Visual Studio Version 16
VisualStudioVersion = 16.0.29009.5
MinimumVisualStudioVersion = 10.0.40219.1
Project("{FAE04EC0-301F-11D3-BF4B-00C04F79EFBC}") = "PineGroveMobileApp.UWP", "PineGroveMobileApp\PineGroveMobileApp.UWP\PineGroveMobileApp.UWP.csproj", "{CD2D5AD0-81B0-424F-862C-89969806D77D}"
EndProject
Project("{FAE04EC0-301F-11D3-BF4B-00C04F79EFBC}") = "PineGroveMobileApp.Android", "PineGroveMobileApp\PineGroveMobileApp.Android\PineGroveMobileApp.Android.csproj", "{85BE67AC-47CA-4D56-A8C4-8D922FD4035E}"
EndProject
Project("{FAE04EC0-301F-11D3-BF4B-00C04F79EFBC}") = "PineGroveMobileApp.iOS", "PineGroveMobileApp\PineGroveMobileApp.iOS\PineGroveMobileApp.iOS.csproj", "{05C66E31-C5A7-4027-B182-CE0B4A387970}"
EndProject
Project("{9A19103F-16F7-4668-BE54-9A1E7A4F7556}") = "PineGroveMobileApp", "PineGroveMobileApp\PineGroveMobileApp\PineGroveMobileApp.csproj", "{8B13BAE9-5100-44F3-8BAF-E90F3AE6D54E}"
EndProject
Global
	GlobalSection(SolutionConfigurationPlatforms) = preSolution
		Debug|Any CPU = Debug|Any CPU
		Debug|ARM = Debug|ARM
		Debug|iPhone = Debug|iPhone
		Debug|iPhoneSimulator = Debug|iPhoneSimulator
		Debug|x64 = Debug|x64
		Debug|x86 = Debug|x86
		Release|Any CPU = Release|Any CPU
		Release|ARM = Release|ARM
		Release|iPhone = Release|iPhone
		Release|iPhoneSimulator = Release|iPhoneSimulator
		Release|x64 = Release|x64
		Release|x86 = Release|x86
	EndGlobalSection
	GlobalSection(ProjectConfigurationPlatforms) = postSolution
		{CD2D5AD0-81B0-424F-862C-89969806D77D}.Debug|Any CPU.ActiveCfg = Debug|x86
		{CD2D5AD0-81B0-424F-862C-89969806D77D}.Debug|Any CPU.Build.0 = Debug|x86
		{CD2D5AD0-81B0-424F-862C-89969806D77D}.Debug|Any CPU.Deploy.0 = Debug|x86
		{CD2D5AD0-81B0-424F-862C-89969806D77D}.Debug|ARM.ActiveCfg = Debug|ARM
		{CD2D5AD0-81B0-424F-862C-89969806D77D}.Debug|ARM.Build.0 = Debug|ARM
		{CD2D5AD0-81B0-424F-862C-89969806D77D}.Debug|ARM.Deploy.0 = Debug|ARM
		{CD2D5AD0-81B0-424F-862C-89969806D77D}.Debug|iPhone.ActiveCfg = Debug|x86
		{CD2D5AD0-81B0-424F-862C-89969806D77D}.Debug|iPhone.Build.0 = Debug|x86
		{CD2D5AD0-81B0-424F-862C-89969806D77D}.Debug|iPhone.Deploy.0 = Debug|x86
		{CD2D5AD0-81B0-424F-862C-89969806D77D}.Debug|iPhoneSimulator.ActiveCfg = Debug|x86
		{CD2D5AD0-81B0-424F-862C-89969806D77D}.Debug|iPhoneSimulator.Build.0 = Debug|x86
		{CD2D5AD0-81B0-424F-862C-89969806D77D}.Debug|iPhoneSimulator.Deploy.0 = Debug|x86
		{CD2D5AD0-81B0-424F-862C-89969806D77D}.Debug|x64.ActiveCfg = Debug|x64
		{CD2D5AD0-81B0-424F-862C-89969806D77D}.Debug|x64.Build.0 = Debug|x64
		{CD2D5AD0-81B0-424F-862C-89969806D77D}.Debug|x64.Deploy.0 = Debug|x64
		{CD2D5AD0-81B0-424F-862C-89969806D77D}.Debug|x86.ActiveCfg = Debug|x86
		{CD2D5AD0-81B0-424F-862C-89969806D77D}.Debug|x86.Build.0 = Debug|x86
		{CD2D5AD0-81B0-424F-862C-89969806D77D}.Debug|x86.Deploy.0 = Debug|x86
		{CD2D5AD0-81B0-424F-862C-89969806D77D}.Release|Any CPU.ActiveCfg = Release|x86
		{CD2D5AD0-81B0-424F-862C-89969806D77D}.Release|Any CPU.Build.0 = Release|x86
		{CD2D5AD0-81B0-424F-862C-89969806D77D}.Release|Any CPU.Deploy.0 = Release|x86
		{CD2D5AD0-81B0-424F-862C-89969806D77D}.Release|ARM.ActiveCfg = Release|ARM
		{CD2D5AD0-81B0-424F-862C-89969806D77D}.Release|ARM.Build.0 = Release|ARM
		{CD2D5AD0-81B0-424F-862C-89969806D77D}.Release|ARM.Deploy.0 = Release|ARM
		{CD2D5AD0-81B0-424F-862C-89969806D77D}.Release|iPhone.ActiveCfg = Release|x86
		{CD2D5AD0-81B0-424F-862C-89969806D77D}.Release|iPhone.Build.0 = Release|x86
		{CD2D5AD0-81B0-424F-862C-89969806D77D}.Release|iPhone.Deploy.0 = Release|x86
		{CD2D5AD0-81B0-424F-862C-89969806D77D}.Release|iPhoneSimulator.ActiveCfg = Release|x86
		{CD2D5AD0-81B0-424F-862C-89969806D77D}.Release|iPhoneSimulator.Build.0 = Release|x86
		{CD2D5AD0-81B0-424F-862C-89969806D77D}.Release|iPhoneSimulator.Deploy.0 = Release|x86
		{CD2D5AD0-81B0-424F-862C-89969806D77D}.Release|x64.ActiveCfg = Release|x64
		{CD2D5AD0-81B0-424F-862C-89969806D77D}.Release|x64.Build.0 = Release|x64
		{CD2D5AD0-81B0-424F-862C-89969806D77D}.Release|x64.Deploy.0 = Release|x64
		{CD2D5AD0-81B0-424F-862C-89969806D77D}.Release|x86.ActiveCfg = Release|x86
		{CD2D5AD0-81B0-424F-862C-89969806D77D}.Release|x86.Build.0 = Release|x86
		{CD2D5AD0-81B0-424F-862C-89969806D77D}.Release|x86.Deploy.0 = Release|x86
		{85BE67AC-47CA-4D56-A8C4-8D922FD4035E}.Debug|Any CPU.ActiveCfg = Debug|Any CPU
		{85BE67AC-47CA-4D56-A8C4-8D922FD4035E}.Debug|Any CPU.Build.0 = Debug|Any CPU
		{85BE67AC-47CA-4D56-A8C4-8D922FD4035E}.Debug|Any CPU.Deploy.0 = Debug|Any CPU
		{85BE67AC-47CA-4D56-A8C4-8D922FD4035E}.Debug|ARM.ActiveCfg = Debug|Any CPU
		{85BE67AC-47CA-4D56-A8C4-8D922FD4035E}.Debug|ARM.Build.0 = Debug|Any CPU
		{85BE67AC-47CA-4D56-A8C4-8D922FD4035E}.Debug|ARM.Deploy.0 = Debug|Any CPU
		{85BE67AC-47CA-4D56-A8C4-8D922FD4035E}.Debug|iPhone.ActiveCfg = Debug|Any CPU
		{85BE67AC-47CA-4D56-A8C4-8D922FD4035E}.Debug|iPhone.Build.0 = Debug|Any CPU
		{85BE67AC-47CA-4D56-A8C4-8D922FD4035E}.Debug|iPhone.Deploy.0 = Debug|Any CPU
		{85BE67AC-47CA-4D56-A8C4-8D922FD4035E}.Debug|iPhoneSimulator.ActiveCfg = Debug|Any CPU
		{85BE67AC-47CA-4D56-A8C4-8D922FD4035E}.Debug|iPhoneSimulator.Build.0 = Debug|Any CPU
		{85BE67AC-47CA-4D56-A8C4-8D922FD4035E}.Debug|iPhoneSimulator.Deploy.0 = Debug|Any CPU
		{85BE67AC-47CA-4D56-A8C4-8D922FD4035E}.Debug|x64.ActiveCfg = Debug|Any CPU
		{85BE67AC-47CA-4D56-A8C4-8D922FD4035E}.Debug|x64.Build.0 = Debug|Any CPU
		{85BE67AC-47CA-4D56-A8C4-8D922FD4035E}.Debug|x64.Deploy.0 = Debug|Any CPU
		{85BE67AC-47CA-4D56-A8C4-8D922FD4035E}.Debug|x86.ActiveCfg = Debug|Any CPU
		{85BE67AC-47CA-4D56-A8C4-8D922FD4035E}.Debug|x86.Build.0 = Debug|Any CPU
		{85BE67AC-47CA-4D56-A8C4-8D922FD4035E}.Debug|x86.Deploy.0 = Debug|Any CPU
		{85BE67AC-47CA-4D56-A8C4-8D922FD4035E}.Release|Any CPU.ActiveCfg = Release|Any CPU
		{85BE67AC-47CA-4D56-A8C4-8D922FD4035E}.Release|Any CPU.Build.0 = Release|Any CPU
		{85BE67AC-47CA-4D56-A8C4-8D922FD4035E}.Release|Any CPU.Deploy.0 = Release|Any CPU
		{85BE67AC-47CA-4D56-A8C4-8D922FD4035E}.Release|ARM.ActiveCfg = Release|Any CPU
		{85BE67AC-47CA-4D56-A8C4-8D922FD4035E}.Release|ARM.Build.0 = Release|Any CPU
		{85BE67AC-47CA-4D56-A8C4-8D922FD4035E}.Release|ARM.Deploy.0 = Release|Any CPU
		{85BE67AC-47CA-4D56-A8C4-8D922FD4035E}.Release|iPhone.ActiveCfg = Release|Any CPU
		{85BE67AC-47CA-4D56-A8C4-8D922FD4035E}.Release|iPhone.Build.0 = Release|Any CPU
		{85BE67AC-47CA-4D56-A8C4-8D922FD4035E}.Release|iPhone.Deploy.0 = Release|Any CPU
		{85BE67AC-47CA-4D56-A8C4-8D922FD4035E}.Release|iPhoneSimulator.ActiveCfg = Release|Any CPU
		{85BE67AC-47CA-4D56-A8C4-8D922FD4035E}.Release|iPhoneSimulator.Build.0 = Release|Any CPU
		{85BE67AC-47CA-4D56-A8C4-8D922FD4035E}.Release|iPhoneSimulator.Deploy.0 = Release|Any CPU
		{85BE67AC-47CA-4D56-A8C4-8D922FD4035E}.Release|x64.ActiveCfg = Release|Any CPU
		{85BE67AC-47CA-4D56-A8C4-8D922FD4035E}.Release|x64.Build.0 = Release|Any CPU
		{85BE67AC-47CA-4D56-A8C4-8D922FD4035E}.Release|x64.Deploy.0 = Release|Any CPU
		{85BE67AC-47CA-4D56-A8C4-8D922FD4035E}.Release|x86.ActiveCfg = Release|Any CPU
		{85BE67AC-47CA-4D56-A8C4-8D922FD4035E}.Release|x86.Build.0 = Release|Any CPU
		{85BE67AC-47CA-4D56-A8C4-8D922FD4035E}.Release|x86.Deploy.0 = Release|Any CPU
		{05C66E31-C5A7-4027-B182-CE0B4A387970}.Debug|Any CPU.ActiveCfg = Debug|iPhone
		{05C66E31-C5A7-4027-B182-CE0B4A387970}.Debug|Any CPU.Build.0 = Debug|iPhone
		{05C66E31-C5A7-4027-B182-CE0B4A387970}.Debug|Any CPU.Deploy.0 = Debug|iPhone
		{05C66E31-C5A7-4027-B182-CE0B4A387970}.Debug|ARM.ActiveCfg = Debug|iPhoneSimulator
		{05C66E31-C5A7-4027-B182-CE0B4A387970}.Debug|ARM.Build.0 = Debug|iPhoneSimulator
		{05C66E31-C5A7-4027-B182-CE0B4A387970}.Debug|ARM.Deploy.0 = Debug|iPhoneSimulator
		{05C66E31-C5A7-4027-B182-CE0B4A387970}.Debug|iPhone.ActiveCfg = Debug|iPhone
		{05C66E31-C5A7-4027-B182-CE0B4A387970}.Debug|iPhone.Build.0 = Debug|iPhone
		{05C66E31-C5A7-4027-B182-CE0B4A387970}.Debug|iPhone.Deploy.0 = Debug|iPhone
		{05C66E31-C5A7-4027-B182-CE0B4A387970}.Debug|iPhoneSimulator.ActiveCfg = Debug|iPhoneSimulator
		{05C66E31-C5A7-4027-B182-CE0B4A387970}.Debug|iPhoneSimulator.Build.0 = Debug|iPhoneSimulator
		{05C66E31-C5A7-4027-B182-CE0B4A387970}.Debug|iPhoneSimulator.Deploy.0 = Debug|iPhoneSimulator
		{05C66E31-C5A7-4027-B182-CE0B4A387970}.Debug|x64.ActiveCfg = Debug|iPhone
		{05C66E31-C5A7-4027-B182-CE0B4A387970}.Debug|x64.Build.0 = Debug|iPhone
		{05C66E31-C5A7-4027-B182-CE0B4A387970}.Debug|x64.Deploy.0 = Debug|iPhone
		{05C66E31-C5A7-4027-B182-CE0B4A387970}.Debug|x86.ActiveCfg = Debug|iPhone
		{05C66E31-C5A7-4027-B182-CE0B4A387970}.Debug|x86.Build.0 = Debug|iPhone
		{05C66E31-C5A7-4027-B182-CE0B4A387970}.Debug|x86.Deploy.0 = Debug|iPhone
		{05C66E31-C5A7-4027-B182-CE0B4A387970}.Release|Any CPU.ActiveCfg = Release|iPhone
		{05C66E31-C5A7-4027-B182-CE0B4A387970}.Release|Any CPU.Build.0 = Release|iPhone
		{05C66E31-C5A7-4027-B182-CE0B4A387970}.Release|Any CPU.Deploy.0 = Release|iPhone
		{05C66E31-C5A7-4027-B182-CE0B4A387970}.Release|ARM.ActiveCfg = Release|iPhone
		{05C66E31-C5A7-4027-B182-CE0B4A387970}.Release|ARM.Build.0 = Release|iPhone
		{05C66E31-C5A7-4027-B182-CE0B4A387970}.Release|ARM.Deploy.0 = Release|iPhone
		{05C66E31-C5A7-4027-B182-CE0B4A387970}.Release|iPhone.ActiveCfg = Release|iPhone
		{05C66E31-C5A7-4027-B182-CE0B4A387970}.Release|iPhone.Build.0 = Release|iPhone
		{05C66E31-C5A7-4027-B182-CE0B4A387970}.Release|iPhone.Deploy.0 = Release|iPhone
		{05C66E31-C5A7-4027-B182-CE0B4A387970}.Release|iPhoneSimulator.ActiveCfg = Release|iPhoneSimulator
		{05C66E31-C5A7-4027-B182-CE0B4A387970}.Release|iPhoneSimulator.Build.0 = Release|iPhoneSimulator
		{05C66E31-C5A7-4027-B182-CE0B4A387970}.Release|iPhoneSimulator.Deploy.0 = Release|iPhoneSimulator
		{05C66E31-C5A7-4027-B182-CE0B4A387970}.Release|x64.ActiveCfg = Release|iPhone
		{05C66E31-C5A7-4027-B182-CE0B4A387970}.Release|x64.Build.0 = Release|iPhone
		{05C66E31-C5A7-4027-B182-CE0B4A387970}.Release|x64.Deploy.0 = Release|iPhone
		{05C66E31-C5A7-4027-B182-CE0B4A387970}.Release|x86.ActiveCfg = Release|iPhone
		{05C66E31-C5A7-4027-B182-CE0B4A387970}.Release|x86.Build.0 = Release|iPhone
		{05C66E31-C5A7-4027-B182-CE0B4A387970}.Release|x86.Deploy.0 = Release|iPhone
		{8B13BAE9-5100-44F3-8BAF-E90F3AE6D54E}.Debug|Any CPU.ActiveCfg = Debug|Any CPU
		{8B13BAE9-5100-44F3-8BAF-E90F3AE6D54E}.Debug|Any CPU.Build.0 = Debug|Any CPU
		{8B13BAE9-5100-44F3-8BAF-E90F3AE6D54E}.Debug|Any CPU.Deploy.0 = Debug|Any CPU
		{8B13BAE9-5100-44F3-8BAF-E90F3AE6D54E}.Debug|ARM.ActiveCfg = Debug|Any CPU
		{8B13BAE9-5100-44F3-8BAF-E90F3AE6D54E}.Debug|ARM.Build.0 = Debug|Any CPU
		{8B13BAE9-5100-44F3-8BAF-E90F3AE6D54E}.Debug|ARM.Deploy.0 = Debug|Any CPU
		{8B13BAE9-5100-44F3-8BAF-E90F3AE6D54E}.Debug|iPhone.ActiveCfg = Debug|Any CPU
		{8B13BAE9-5100-44F3-8BAF-E90F3AE6D54E}.Debug|iPhone.Build.0 = Debug|Any CPU
		{8B13BAE9-5100-44F3-8BAF-E90F3AE6D54E}.Debug|iPhone.Deploy.0 = Debug|Any CPU
		{8B13BAE9-5100-44F3-8BAF-E90F3AE6D54E}.Debug|iPhoneSimulator.ActiveCfg = Debug|Any CPU
		{8B13BAE9-5100-44F3-8BAF-E90F3AE6D54E}.Debug|iPhoneSimulator.Build.0 = Debug|Any CPU
		{8B13BAE9-5100-44F3-8BAF-E90F3AE6D54E}.Debug|iPhoneSimulator.Deploy.0 = Debug|Any CPU
		{8B13BAE9-5100-44F3-8BAF-E90F3AE6D54E}.Debug|x64.ActiveCfg = Debug|Any CPU
		{8B13BAE9-5100-44F3-8BAF-E90F3AE6D54E}.Debug|x64.Build.0 = Debug|Any CPU
		{8B13BAE9-5100-44F3-8BAF-E90F3AE6D54E}.Debug|x64.Deploy.0 = Debug|Any CPU
		{8B13BAE9-5100-44F3-8BAF-E90F3AE6D54E}.Debug|x86.ActiveCfg = Debug|Any CPU
		{8B13BAE9-5100-44F3-8BAF-E90F3AE6D54E}.Debug|x86.Build.0 = Debug|Any CPU
		{8B13BAE9-5100-44F3-8BAF-E90F3AE6D54E}.Debug|x86.Deploy.0 = Debug|Any CPU
		{8B13BAE9-5100-44F3-8BAF-E90F3AE6D54E}.Release|Any CPU.ActiveCfg = Release|Any CPU
		{8B13BAE9-5100-44F3-8BAF-E90F3AE6D54E}.Release|Any CPU.Build.0 = Release|Any CPU
		{8B13BAE9-5100-44F3-8BAF-E90F3AE6D54E}.Release|Any CPU.Deploy.0 = Release|Any CPU
		{8B13BAE9-5100-44F3-8BAF-E90F3AE6D54E}.Release|ARM.ActiveCfg = Release|Any CPU
		{8B13BAE9-5100-44F3-8BAF-E90F3AE6D54E}.Release|ARM.Build.0 = Release|Any CPU
		{8B13BAE9-5100-44F3-8BAF-E90F3AE6D54E}.Release|ARM.Deploy.0 = Release|Any CPU
		{8B13BAE9-5100-44F3-8BAF-E90F3AE6D54E}.Release|iPhone.ActiveCfg = Release|Any CPU
		{8B13BAE9-5100-44F3-8BAF-E90F3AE6D54E}.Release|iPhone.Build.0 = Release|Any CPU
		{8B13BAE9-5100-44F3-8BAF-E90F3AE6D54E}.Release|iPhone.Deploy.0 = Release|Any CPU
		{8B13BAE9-5100-44F3-8BAF-E90F3AE6D54E}.Release|iPhoneSimulator.ActiveCfg = Release|Any CPU
		{8B13BAE9-5100-44F3-8BAF-E90F3AE6D54E}.Release|iPhoneSimulator.Build.0 = Release|Any CPU
		{8B13BAE9-5100-44F3-8BAF-E90F3AE6D54E}.Release|iPhoneSimulator.Deploy.0 = Release|Any CPU
		{8B13BAE9-5100-44F3-8BAF-E90F3AE6D54E}.Release|x64.ActiveCfg = Release|Any CPU
		{8B13BAE9-5100-44F3-8BAF-E90F3AE6D54E}.Release|x64.Build.0 = Release|Any CPU
		{8B13BAE9-5100-44F3-8BAF-E90F3AE6D54E}.Release|x64.Deploy.0 = Release|Any CPU
		{8B13BAE9-5100-44F3-8BAF-E90F3AE6D54E}.Release|x86.ActiveCfg = Release|Any CPU
		{8B13BAE9-5100-44F3-8BAF-E90F3AE6D54E}.Release|x86.Build.0 = Release|Any CPU
		{8B13BAE9-5100-44F3-8BAF-E90F3AE6D54E}.Release|x86.Deploy.0 = Release|Any CPU
	EndGlobalSection
	GlobalSection(SolutionProperties) = preSolution
		HideSolutionNode = FALSE
	EndGlobalSection
	GlobalSection(ExtensibilityGlobals) = postSolution
		SolutionGuid = {5C22D892-84F4-4A55-B2D3-9321CC15F23E}
	EndGlobalSection
EndGlobal
